
Microsoft Visual Studio Solution File, Format Version 12.00
# Visual Studio Version 16
VisualStudioVersion = 16.0.29609.76
MinimumVisualStudioVersion = 10.0.40219.1
Project("{FAE04EC0-301F-11D3-BF4B-00C04F79EFBC}") = "StringMethod", "StringMethod\StringMethod.csproj", "{D0F2AF2A-E01A-4E72-A253-ED2C1B69AEA7}"
EndProject
Global
	GlobalSection(SolutionConfigurationPlatforms) = preSolution
		Debug|Any CPU = Debug|Any CPU
		Release|Any CPU = Release|Any CPU
	EndGlobalSection
	GlobalSection(ProjectConfigurationPlatforms) = postSolution
		{D0F2AF2A-E01A-4E72-A253-ED2C1B69AEA7}.Debug|Any CPU.ActiveCfg = Debug|Any CPU
		{D0F2AF2A-E01A-4E72-A253-ED2C1B69AEA7}.Debug|Any CPU.Build.0 = Debug|Any CPU
		{D0F2AF2A-E01A-4E72-A253-ED2C1B69AEA7}.Release|Any CPU.ActiveCfg = Release|Any CPU
		{D0F2AF2A-E01A-4E72-A253-ED2C1B69AEA7}.Release|Any CPU.Build.0 = Release|Any CPU
	EndGlobalSection
	GlobalSection(SolutionProperties) = preSolution
		HideSolutionNode = FALSE
	EndGlobalSection
	GlobalSection(ExtensibilityGlobals) = postSolution
		SolutionGuid = {FA80D051-A879-4806-9AFD-11E22A0FE804}
	EndGlobalSection
EndGlobal
